
Microsoft Visual Studio Solution File, Format Version 12.00
# Visual Studio Version 16
VisualStudioVersion = 16.0.30907.101
MinimumVisualStudioVersion = 10.0.40219.1
Project("{FAE04EC0-301F-11D3-BF4B-00C04F79EFBC}") = "1_Kalkulator", "1_Kalkulator\1_Kalkulator.csproj", "{C108D9DB-B927-42DC-A521-F7AEDA64E85E}"
EndProject
Project("{FAE04EC0-301F-11D3-BF4B-00C04F79EFBC}") = "2_Tomb_veletlenszam", "2_Tomb_veletlenszam\2_Tomb_veletlenszam.csproj", "{49AC5AE2-D3BA-465D-AB2B-6A1679A8FA76}"
EndProject
Project("{FAE04EC0-301F-11D3-BF4B-00C04F79EFBC}") = "3_Masodfoku_egyenlet", "3_Masodfoku_egyenlet\3_Masodfoku_egyenlet.csproj", "{7AE31ADD-07A5-49FC-A7D9-D764FB09DBAA}"
EndProject
Global
	GlobalSection(SolutionConfigurationPlatforms) = preSolution
		Debug|Any CPU = Debug|Any CPU
		Release|Any CPU = Release|Any CPU
	EndGlobalSection
	GlobalSection(ProjectConfigurationPlatforms) = postSolution
		{C108D9DB-B927-42DC-A521-F7AEDA64E85E}.Debug|Any CPU.ActiveCfg = Debug|Any CPU
		{C108D9DB-B927-42DC-A521-F7AEDA64E85E}.Debug|Any CPU.Build.0 = Debug|Any CPU
		{C108D9DB-B927-42DC-A521-F7AEDA64E85E}.Release|Any CPU.ActiveCfg = Release|Any CPU
		{C108D9DB-B927-42DC-A521-F7AEDA64E85E}.Release|Any CPU.Build.0 = Release|Any CPU
		{49AC5AE2-D3BA-465D-AB2B-6A1679A8FA76}.Debug|Any CPU.ActiveCfg = Debug|Any CPU
		{49AC5AE2-D3BA-465D-AB2B-6A1679A8FA76}.Debug|Any CPU.Build.0 = Debug|Any CPU
		{49AC5AE2-D3BA-465D-AB2B-6A1679A8FA76}.Release|Any CPU.ActiveCfg = Release|Any CPU
		{49AC5AE2-D3BA-465D-AB2B-6A1679A8FA76}.Release|Any CPU.Build.0 = Release|Any CPU
		{7AE31ADD-07A5-49FC-A7D9-D764FB09DBAA}.Debug|Any CPU.ActiveCfg = Debug|Any CPU
		{7AE31ADD-07A5-49FC-A7D9-D764FB09DBAA}.Debug|Any CPU.Build.0 = Debug|Any CPU
		{7AE31ADD-07A5-49FC-A7D9-D764FB09DBAA}.Release|Any CPU.ActiveCfg = Release|Any CPU
		{7AE31ADD-07A5-49FC-A7D9-D764FB09DBAA}.Release|Any CPU.Build.0 = Release|Any CPU
	EndGlobalSection
	GlobalSection(SolutionProperties) = preSolution
		HideSolutionNode = FALSE
	EndGlobalSection
	GlobalSection(ExtensibilityGlobals) = postSolution
		SolutionGuid = {00B0BA8D-21C4-4C4D-9C07-C7AE73849287}
	EndGlobalSection
EndGlobal
