
Microsoft Visual Studio Solution File, Format Version 12.00
# Visual Studio Version 16
VisualStudioVersion = 16.0.30907.101
MinimumVisualStudioVersion = 10.0.40219.1
Project("{FAE04EC0-301F-11D3-BF4B-00C04F79EFBC}") = "1_bankszamla_kivetelkezeles", "1_bankszamla_kivetelkezeles\1_bankszamla_kivetelkezeles.csproj", "{D72C7EB1-A1FD-41D0-BEFE-A6F3630BE315}"
EndProject
Project("{FAE04EC0-301F-11D3-BF4B-00C04F79EFBC}") = "2_Fajlkezeles", "2_Fajlkezeles\2_Fajlkezeles.csproj", "{C35EA185-9947-46D9-B95F-664AAE38F314}"
EndProject
Global
	GlobalSection(SolutionConfigurationPlatforms) = preSolution
		Debug|Any CPU = Debug|Any CPU
		Release|Any CPU = Release|Any CPU
	EndGlobalSection
	GlobalSection(ProjectConfigurationPlatforms) = postSolution
		{D72C7EB1-A1FD-41D0-BEFE-A6F3630BE315}.Debug|Any CPU.ActiveCfg = Debug|Any CPU
		{D72C7EB1-A1FD-41D0-BEFE-A6F3630BE315}.Debug|Any CPU.Build.0 = Debug|Any CPU
		{D72C7EB1-A1FD-41D0-BEFE-A6F3630BE315}.Release|Any CPU.ActiveCfg = Release|Any CPU
		{D72C7EB1-A1FD-41D0-BEFE-A6F3630BE315}.Release|Any CPU.Build.0 = Release|Any CPU
		{C35EA185-9947-46D9-B95F-664AAE38F314}.Debug|Any CPU.ActiveCfg = Debug|Any CPU
		{C35EA185-9947-46D9-B95F-664AAE38F314}.Debug|Any CPU.Build.0 = Debug|Any CPU
		{C35EA185-9947-46D9-B95F-664AAE38F314}.Release|Any CPU.ActiveCfg = Release|Any CPU
		{C35EA185-9947-46D9-B95F-664AAE38F314}.Release|Any CPU.Build.0 = Release|Any CPU
	EndGlobalSection
	GlobalSection(SolutionProperties) = preSolution
		HideSolutionNode = FALSE
	EndGlobalSection
	GlobalSection(ExtensibilityGlobals) = postSolution
		SolutionGuid = {A2CB22F2-F3BE-49DE-9C4F-A8DA12FD1578}
	EndGlobalSection
EndGlobal
